
Microsoft Visual Studio Solution File, Format Version 10.00
# Visual Studio 2008
Project("{F184B08F-C81C-45F6-A57F-5ABD9991F28F}") = "FreeTactics", "FreeTactics\FreeTactics.vbproj", "{FEF53B69-9ED3-4C9A-94B6-C13AA723409D}"
EndProject
Global
	GlobalSection(SolutionConfigurationPlatforms) = preSolution
		Debug|Any CPU = Debug|Any CPU
		Release|Any CPU = Release|Any CPU
	EndGlobalSection
	GlobalSection(ProjectConfigurationPlatforms) = postSolution
		{FEF53B69-9ED3-4C9A-94B6-C13AA723409D}.Debug|Any CPU.ActiveCfg = Debug|Any CPU
		{FEF53B69-9ED3-4C9A-94B6-C13AA723409D}.Debug|Any CPU.Build.0 = Debug|Any CPU
		{FEF53B69-9ED3-4C9A-94B6-C13AA723409D}.Release|Any CPU.ActiveCfg = Release|Any CPU
		{FEF53B69-9ED3-4C9A-94B6-C13AA723409D}.Release|Any CPU.Build.0 = Release|Any CPU
	EndGlobalSection
	GlobalSection(SolutionProperties) = preSolution
		HideSolutionNode = FALSE
	EndGlobalSection
EndGlobal
